
Microsoft Visual Studio Solution File, Format Version 12.00
# Visual Studio Version 17
VisualStudioVersion = 17.5.002.0
MinimumVisualStudioVersion = 10.0.40219.1
Project("{9A19103F-16F7-4668-BE54-9A1E7A4F7556}") = "DesafioPOO", "DesafioPOO.csproj", "{F6BFB06B-A2A3-4DC1-81D6-73D40E19420D}"
EndProject
Global
	GlobalSection(SolutionConfigurationPlatforms) = preSolution
		Debug|Any CPU = Debug|Any CPU
		Release|Any CPU = Release|Any CPU
	EndGlobalSection
	GlobalSection(ProjectConfigurationPlatforms) = postSolution
		{F6BFB06B-A2A3-4DC1-81D6-73D40E19420D}.Debug|Any CPU.ActiveCfg = Debug|Any CPU
		{F6BFB06B-A2A3-4DC1-81D6-73D40E19420D}.Debug|Any CPU.Build.0 = Debug|Any CPU
		{F6BFB06B-A2A3-4DC1-81D6-73D40E19420D}.Release|Any CPU.ActiveCfg = Release|Any CPU
		{F6BFB06B-A2A3-4DC1-81D6-73D40E19420D}.Release|Any CPU.Build.0 = Release|Any CPU
	EndGlobalSection
	GlobalSection(SolutionProperties) = preSolution
		HideSolutionNode = FALSE
	EndGlobalSection
	GlobalSection(ExtensibilityGlobals) = postSolution
		SolutionGuid = {1C060F4C-33A8-4718-BFA9-8B9FAAB22961}
	EndGlobalSection
EndGlobal
